
Microsoft Visual Studio Solution File, Format Version 12.00
# Visual Studio Version 17
VisualStudioVersion = 17.3.32519.111
MinimumVisualStudioVersion = 10.0.40219.1
Project("{9A19103F-16F7-4668-BE54-9A1E7A4F7556}") = "SharedLibrary", "BlazorSharedLibrary\SharedLibrary.csproj", "{A2FFB5A8-7525-4D0E-9541-D45A2F406059}"
EndProject
Project("{9A19103F-16F7-4668-BE54-9A1E7A4F7556}") = "BlazorServerApp", "BlazorServerApp\BlazorServerApp.csproj", "{73EF1651-C859-4465-9DDC-CCBBAC4C755F}"
EndProject
Project("{9A19103F-16F7-4668-BE54-9A1E7A4F7556}") = "BlazorWpfApp", "WpfBlazorApp\BlazorWpfApp.csproj", "{AD08FE84-542D-4D36-927D-2F3C665ABAD1}"
EndProject
Project("{9A19103F-16F7-4668-BE54-9A1E7A4F7556}") = "BlazorMauiApp", "MauiBlazorApp\BlazorMauiApp.csproj", "{17EB75B7-EBA4-4617-8D58-F5719B1264ED}"
EndProject
Project("{9A19103F-16F7-4668-BE54-9A1E7A4F7556}") = "BlazorWinFormsApp", "WinFormsBlazorApp\BlazorWinFormsApp.csproj", "{291C59ED-46A7-4E09-BCDE-D8C6A7429F65}"
EndProject
Global
	GlobalSection(SolutionConfigurationPlatforms) = preSolution
		Debug|Any CPU = Debug|Any CPU
		Release|Any CPU = Release|Any CPU
	EndGlobalSection
	GlobalSection(ProjectConfigurationPlatforms) = postSolution
		{A2FFB5A8-7525-4D0E-9541-D45A2F406059}.Debug|Any CPU.ActiveCfg = Debug|Any CPU
		{A2FFB5A8-7525-4D0E-9541-D45A2F406059}.Debug|Any CPU.Build.0 = Debug|Any CPU
		{A2FFB5A8-7525-4D0E-9541-D45A2F406059}.Release|Any CPU.ActiveCfg = Release|Any CPU
		{A2FFB5A8-7525-4D0E-9541-D45A2F406059}.Release|Any CPU.Build.0 = Release|Any CPU
		{73EF1651-C859-4465-9DDC-CCBBAC4C755F}.Debug|Any CPU.ActiveCfg = Debug|Any CPU
		{73EF1651-C859-4465-9DDC-CCBBAC4C755F}.Debug|Any CPU.Build.0 = Debug|Any CPU
		{73EF1651-C859-4465-9DDC-CCBBAC4C755F}.Release|Any CPU.ActiveCfg = Release|Any CPU
		{73EF1651-C859-4465-9DDC-CCBBAC4C755F}.Release|Any CPU.Build.0 = Release|Any CPU
		{AD08FE84-542D-4D36-927D-2F3C665ABAD1}.Debug|Any CPU.ActiveCfg = Debug|Any CPU
		{AD08FE84-542D-4D36-927D-2F3C665ABAD1}.Debug|Any CPU.Build.0 = Debug|Any CPU
		{AD08FE84-542D-4D36-927D-2F3C665ABAD1}.Release|Any CPU.ActiveCfg = Release|Any CPU
		{AD08FE84-542D-4D36-927D-2F3C665ABAD1}.Release|Any CPU.Build.0 = Release|Any CPU
		{17EB75B7-EBA4-4617-8D58-F5719B1264ED}.Debug|Any CPU.ActiveCfg = Debug|Any CPU
		{17EB75B7-EBA4-4617-8D58-F5719B1264ED}.Debug|Any CPU.Build.0 = Debug|Any CPU
		{17EB75B7-EBA4-4617-8D58-F5719B1264ED}.Debug|Any CPU.Deploy.0 = Debug|Any CPU
		{17EB75B7-EBA4-4617-8D58-F5719B1264ED}.Release|Any CPU.ActiveCfg = Release|Any CPU
		{17EB75B7-EBA4-4617-8D58-F5719B1264ED}.Release|Any CPU.Build.0 = Release|Any CPU
		{17EB75B7-EBA4-4617-8D58-F5719B1264ED}.Release|Any CPU.Deploy.0 = Release|Any CPU
		{291C59ED-46A7-4E09-BCDE-D8C6A7429F65}.Debug|Any CPU.ActiveCfg = Debug|Any CPU
		{291C59ED-46A7-4E09-BCDE-D8C6A7429F65}.Debug|Any CPU.Build.0 = Debug|Any CPU
		{291C59ED-46A7-4E09-BCDE-D8C6A7429F65}.Release|Any CPU.ActiveCfg = Release|Any CPU
		{291C59ED-46A7-4E09-BCDE-D8C6A7429F65}.Release|Any CPU.Build.0 = Release|Any CPU
	EndGlobalSection
	GlobalSection(SolutionProperties) = preSolution
		HideSolutionNode = FALSE
	EndGlobalSection
	GlobalSection(ExtensibilityGlobals) = postSolution
		SolutionGuid = {97A4EE2B-5B8F-454C-9284-FF2EF180E947}
	EndGlobalSection
EndGlobal
